// !$*UTF8*$!
{
	archiveVersion = 1;
	classes = {
	};
	objectVersion = 50;
	objects = {

/* Begin PBXBuildFile section */
		801C1E54250C17B20016B89A /* Cartfile in Resources */ = {isa = PBXBuildFile; fileRef = 801C1E53250C17B20016B89A /* Cartfile */; };
		808ED8272504354800A3FBB0 /* AppDelegate.swift in Sources */ = {isa = PBXBuildFile; fileRef = 808ED8262504354800A3FBB0 /* AppDelegate.swift */; };
		808ED8292504354800A3FBB0 /* SceneDelegate.swift in Sources */ = {isa = PBXBuildFile; fileRef = 808ED8282504354800A3FBB0 /* SceneDelegate.swift */; };
		808ED82E2504354800A3FBB0 /* Main.storyboard in Resources */ = {isa = PBXBuildFile; fileRef = 808ED82C2504354800A3FBB0 /* Main.storyboard */; };
		808ED8312504354800A3FBB0 /* Mixette.xcdatamodeld in Sources */ = {isa = PBXBuildFile; fileRef = 808ED82F2504354800A3FBB0 /* Mixette.xcdatamodeld */; };
		808ED8332504354E00A3FBB0 /* Assets.xcassets in Resources */ = {isa = PBXBuildFile; fileRef = 808ED8322504354E00A3FBB0 /* Assets.xcassets */; };
		808ED8362504354E00A3FBB0 /* LaunchScreen.storyboard in Resources */ = {isa = PBXBuildFile; fileRef = 808ED8342504354E00A3FBB0 /* LaunchScreen.storyboard */; };
		808ED83E2504493300A3FBB0 /* HomeCollectionViewController.swift in Sources */ = {isa = PBXBuildFile; fileRef = 808ED83D2504493300A3FBB0 /* HomeCollectionViewController.swift */; };
		808ED84C250487D600A3FBB0 /* MixCell.swift in Sources */ = {isa = PBXBuildFile; fileRef = 808ED84B250487D600A3FBB0 /* MixCell.swift */; };
		808ED84E2505568800A3FBB0 /* DetailTableViewController.swift in Sources */ = {isa = PBXBuildFile; fileRef = 808ED84D2505568800A3FBB0 /* DetailTableViewController.swift */; };
		808ED85025057ADD00A3FBB0 /* NowPlayingViewController.swift in Sources */ = {isa = PBXBuildFile; fileRef = 808ED84F25057ADD00A3FBB0 /* NowPlayingViewController.swift */; };
/* End PBXBuildFile section */

/* Begin PBXFileReference section */
		801C1E53250C17B20016B89A /* Cartfile */ = {isa = PBXFileReference; lastKnownFileType = text; path = Cartfile; sourceTree = "<group>"; };
		808ED8232504354800A3FBB0 /* Mixette.app */ = {isa = PBXFileReference; explicitFileType = wrapper.application; includeInIndex = 0; path = Mixette.app; sourceTree = BUILT_PRODUCTS_DIR; };
		808ED8262504354800A3FBB0 /* AppDelegate.swift */ = {isa = PBXFileReference; lastKnownFileType = sourcecode.swift; path = AppDelegate.swift; sourceTree = "<group>"; };
		808ED8282504354800A3FBB0 /* SceneDelegate.swift */ = {isa = PBXFileReference; lastKnownFileType = sourcecode.swift; path = SceneDelegate.swift; sourceTree = "<group>"; };
		808ED82D2504354800A3FBB0 /* Base */ = {isa = PBXFileReference; lastKnownFileType = file.storyboard; name = Base; path = Base.lproj/Main.storyboard; sourceTree = "<group>"; };
		808ED8302504354800A3FBB0 /* Mixette.xcdatamodel */ = {isa = PBXFileReference; lastKnownFileType = wrapper.xcdatamodel; path = Mixette.xcdatamodel; sourceTree = "<group>"; };
		808ED8322504354E00A3FBB0 /* Assets.xcassets */ = {isa = PBXFileReference; lastKnownFileType = folder.assetcatalog; path = Assets.xcassets; sourceTree = "<group>"; };
		808ED8352504354E00A3FBB0 /* Base */ = {isa = PBXFileReference; lastKnownFileType = file.storyboard; name = Base; path = Base.lproj/LaunchScreen.storyboard; sourceTree = "<group>"; };
		808ED8372504354E00A3FBB0 /* Info.plist */ = {isa = PBXFileReference; lastKnownFileType = text.plist.xml; path = Info.plist; sourceTree = "<group>"; };
		808ED83D2504493300A3FBB0 /* HomeCollectionViewController.swift */ = {isa = PBXFileReference; lastKnownFileType = sourcecode.swift; path = HomeCollectionViewController.swift; sourceTree = "<group>"; };
		808ED84B250487D600A3FBB0 /* MixCell.swift */ = {isa = PBXFileReference; lastKnownFileType = sourcecode.swift; path = MixCell.swift; sourceTree = "<group>"; };
		808ED84D2505568800A3FBB0 /* DetailTableViewController.swift */ = {isa = PBXFileReference; lastKnownFileType = sourcecode.swift; path = DetailTableViewController.swift; sourceTree = "<group>"; };
		808ED84F25057ADD00A3FBB0 /* NowPlayingViewController.swift */ = {isa = PBXFileReference; lastKnownFileType = sourcecode.swift; path = NowPlayingViewController.swift; sourceTree = "<group>"; };
/* End PBXFileReference section */

/* Begin PBXFrameworksBuildPhase section */
		808ED8202504354800A3FBB0 /* Frameworks */ = {
			isa = PBXFrameworksBuildPhase;
			buildActionMask = 2147483647;
			files = (
			);
			runOnlyForDeploymentPostprocessing = 0;
		};
/* End PBXFrameworksBuildPhase section */

/* Begin PBXGroup section */
		808ED81A2504354800A3FBB0 = {
			isa = PBXGroup;
			children = (
				808ED8252504354800A3FBB0 /* Mixette */,
				808ED8242504354800A3FBB0 /* Products */,
			);
			sourceTree = "<group>";
		};
		808ED8242504354800A3FBB0 /* Products */ = {
			isa = PBXGroup;
			children = (
				808ED8232504354800A3FBB0 /* Mixette.app */,
			);
			name = Products;
			sourceTree = "<group>";
		};
		808ED8252504354800A3FBB0 /* Mixette */ = {
			isa = PBXGroup;
			children = (
				808ED8472504523500A3FBB0 /* NowPlaying */,
				808ED843250451E800A3FBB0 /* SearchCreate */,
				808ED83F2504518A00A3FBB0 /* MyMixes */,
				808ED8262504354800A3FBB0 /* AppDelegate.swift */,
				808ED8282504354800A3FBB0 /* SceneDelegate.swift */,
				808ED82C2504354800A3FBB0 /* Main.storyboard */,
				808ED8322504354E00A3FBB0 /* Assets.xcassets */,
				808ED8342504354E00A3FBB0 /* LaunchScreen.storyboard */,
				808ED8372504354E00A3FBB0 /* Info.plist */,
				808ED82F2504354800A3FBB0 /* Mixette.xcdatamodeld */,
				801C1E53250C17B20016B89A /* Cartfile */,
			);
			path = Mixette;
			sourceTree = "<group>";
		};
		808ED83F2504518A00A3FBB0 /* MyMixes */ = {
			isa = PBXGroup;
			children = (
				808ED842250451D900A3FBB0 /* Views */,
				808ED841250451CD00A3FBB0 /* Models */,
				808ED840250451B500A3FBB0 /* Controllers */,
			);
			path = MyMixes;
			sourceTree = "<group>";
		};
		808ED840250451B500A3FBB0 /* Controllers */ = {
			isa = PBXGroup;
			children = (
				808ED83D2504493300A3FBB0 /* HomeCollectionViewController.swift */,
				808ED84B250487D600A3FBB0 /* MixCell.swift */,
				808ED84D2505568800A3FBB0 /* DetailTableViewController.swift */,
			);
			path = Controllers;
			sourceTree = "<group>";
		};
		808ED841250451CD00A3FBB0 /* Models */ = {
			isa = PBXGroup;
			children = (
			);
			path = Models;
			sourceTree = "<group>";
		};
		808ED842250451D900A3FBB0 /* Views */ = {
			isa = PBXGroup;
			children = (
			);
			path = Views;
			sourceTree = "<group>";
		};
		808ED843250451E800A3FBB0 /* SearchCreate */ = {
			isa = PBXGroup;
			children = (
				808ED8462504522500A3FBB0 /* Views */,
				808ED8452504521B00A3FBB0 /* Models */,
				808ED8442504520F00A3FBB0 /* Controllers */,
			);
			path = SearchCreate;
			sourceTree = "<group>";
		};
		808ED8442504520F00A3FBB0 /* Controllers */ = {
			isa = PBXGroup;
			children = (
			);
			path = Controllers;
			sourceTree = "<group>";
		};
		808ED8452504521B00A3FBB0 /* Models */ = {
			isa = PBXGroup;
			children = (
			);
			path = Models;
			sourceTree = "<group>";
		};
		808ED8462504522500A3FBB0 /* Views */ = {
			isa = PBXGroup;
			children = (
			);
			path = Views;
			sourceTree = "<group>";
		};
		808ED8472504523500A3FBB0 /* NowPlaying */ = {
			isa = PBXGroup;
			children = (
				808ED84A2504524E00A3FBB0 /* Views */,
				808ED8492504524600A3FBB0 /* Models */,
				808ED8482504524000A3FBB0 /* Controllers */,
			);
			path = NowPlaying;
			sourceTree = "<group>";
		};
		808ED8482504524000A3FBB0 /* Controllers */ = {
			isa = PBXGroup;
			children = (
				808ED84F25057ADD00A3FBB0 /* NowPlayingViewController.swift */,
			);
			path = Controllers;
			sourceTree = "<group>";
		};
		808ED8492504524600A3FBB0 /* Models */ = {
			isa = PBXGroup;
			children = (
			);
			path = Models;
			sourceTree = "<group>";
		};
		808ED84A2504524E00A3FBB0 /* Views */ = {
			isa = PBXGroup;
			children = (
			);
			path = Views;
			sourceTree = "<group>";
		};
/* End PBXGroup section */

/* Begin PBXNativeTarget section */
		808ED8222504354800A3FBB0 /* Mixette */ = {
			isa = PBXNativeTarget;
			buildConfigurationList = 808ED83A2504354E00A3FBB0 /* Build configuration list for PBXNativeTarget "Mixette" */;
			buildPhases = (
				808ED81F2504354800A3FBB0 /* Sources */,
				808ED8202504354800A3FBB0 /* Frameworks */,
				808ED8212504354800A3FBB0 /* Resources */,
			);
			buildRules = (
			);
			dependencies = (
			);
			name = Mixette;
			productName = Mixette;
			productReference = 808ED8232504354800A3FBB0 /* Mixette.app */;
			productType = "com.apple.product-type.application";
		};
/* End PBXNativeTarget section */

/* Begin PBXProject section */
		808ED81B2504354800A3FBB0 /* Project object */ = {
			isa = PBXProject;
			attributes = {
				LastSwiftUpdateCheck = 1170;
				LastUpgradeCheck = 1170;
				ORGANIZATIONNAME = Kyle;
				TargetAttributes = {
					808ED8222504354800A3FBB0 = {
						CreatedOnToolsVersion = 11.7;
					};
				};
			};
			buildConfigurationList = 808ED81E2504354800A3FBB0 /* Build configuration list for PBXProject "Mixette" */;
			compatibilityVersion = "Xcode 9.3";
			developmentRegion = en;
			hasScannedForEncodings = 0;
			knownRegions = (
				en,
				Base,
			);
			mainGroup = 808ED81A2504354800A3FBB0;
			productRefGroup = 808ED8242504354800A3FBB0 /* Products */;
			projectDirPath = "";
			projectRoot = "";
			targets = (
				808ED8222504354800A3FBB0 /* Mixette */,
			);
		};
/* End PBXProject section */

/* Begin PBXResourcesBuildPhase section */
		808ED8212504354800A3FBB0 /* Resources */ = {
			isa = PBXResourcesBuildPhase;
			buildActionMask = 2147483647;
			files = (
				808ED8362504354E00A3FBB0 /* LaunchScreen.storyboard in Resources */,
				808ED8332504354E00A3FBB0 /* Assets.xcassets in Resources */,
				801C1E54250C17B20016B89A /* Cartfile in Resources */,
				808ED82E2504354800A3FBB0 /* Main.storyboard in Resources */,
			);
			runOnlyForDeploymentPostprocessing = 0;
		};
/* End PBXResourcesBuildPhase section */

/* Begin PBXSourcesBuildPhase section */
		808ED81F2504354800A3FBB0 /* Sources */ = {
			isa = PBXSourcesBuildPhase;
			buildActionMask = 2147483647;
			files = (
				808ED84E2505568800A3FBB0 /* DetailTableViewController.swift in Sources */,
				808ED8312504354800A3FBB0 /* Mixette.xcdatamodeld in Sources */,
				808ED8272504354800A3FBB0 /* AppDelegate.swift in Sources */,
				808ED85025057ADD00A3FBB0 /* NowPlayingViewController.swift in Sources */,
				808ED83E2504493300A3FBB0 /* HomeCollectionViewController.swift in Sources */,
				808ED8292504354800A3FBB0 /* SceneDelegate.swift in Sources */,
				808ED84C250487D600A3FBB0 /* MixCell.swift in Sources */,
			);
			runOnlyForDeploymentPostprocessing = 0;
		};
/* End PBXSourcesBuildPhase section */

/* Begin PBXVariantGroup section */
		808ED82C2504354800A3FBB0 /* Main.storyboard */ = {
			isa = PBXVariantGroup;
			children = (
				808ED82D2504354800A3FBB0 /* Base */,
			);
			name = Main.storyboard;
			sourceTree = "<group>";
		};
		808ED8342504354E00A3FBB0 /* LaunchScreen.storyboard */ = {
			isa = PBXVariantGroup;
			children = (
				808ED8352504354E00A3FBB0 /* Base */,
			);
			name = LaunchScreen.storyboard;
			sourceTree = "<group>";
		};
/* End PBXVariantGroup section */

/* Begin XCBuildConfiguration section */
		808ED8382504354E00A3FBB0 /* Debug */ = {
			isa = XCBuildConfiguration;
			buildSettings = {
				ALWAYS_SEARCH_USER_PATHS = NO;
				CLANG_ANALYZER_NONNULL = YES;
				CLANG_ANALYZER_NUMBER_OBJECT_CONVERSION = YES_AGGRESSIVE;
				CLANG_CXX_LANGUAGE_STANDARD = "gnu++14";
				CLANG_CXX_LIBRARY = "libc++";
				CLANG_ENABLE_MODULES = YES;
				CLANG_ENABLE_OBJC_ARC = YES;
				CLANG_ENABLE_OBJC_WEAK = YES;
				CLANG_WARN_BLOCK_CAPTURE_AUTORELEASING = YES;
				CLANG_WARN_BOOL_CONVERSION = YES;
				CLANG_WARN_COMMA = YES;
				CLANG_WARN_CONSTANT_CONVERSION = YES;
				CLANG_WARN_DEPRECATED_OBJC_IMPLEMENTATIONS = YES;
				CLANG_WARN_DIRECT_OBJC_ISA_USAGE = YES_ERROR;
				CLANG_WARN_DOCUMENTATION_COMMENTS = YES;
				CLANG_WARN_EMPTY_BODY = YES;
				CLANG_WARN_ENUM_CONVERSION = YES;
				CLANG_WARN_INFINITE_RECURSION = YES;
				CLANG_WARN_INT_CONVERSION = YES;
				CLANG_WARN_NON_LITERAL_NULL_CONVERSION = YES;
				CLANG_WARN_OBJC_IMPLICIT_RETAIN_SELF = YES;
				CLANG_WARN_OBJC_LITERAL_CONVERSION = YES;
				CLANG_WARN_OBJC_ROOT_CLASS = YES_ERROR;
				CLANG_WARN_RANGE_LOOP_ANALYSIS = YES;
				CLANG_WARN_STRICT_PROTOTYPES = YES;
				CLANG_WARN_SUSPICIOUS_MOVE = YES;
				CLANG_WARN_UNGUARDED_AVAILABILITY = YES_AGGRESSIVE;
				CLANG_WARN_UNREACHABLE_CODE = YES;
				CLANG_WARN__DUPLICATE_METHOD_MATCH = YES;
				COPY_PHASE_STRIP = NO;
				DEBUG_INFORMATION_FORMAT = dwarf;
				ENABLE_STRICT_OBJC_MSGSEND = YES;
				ENABLE_TESTABILITY = YES;
				GCC_C_LANGUAGE_STANDARD = gnu11;
				GCC_DYNAMIC_NO_PIC = NO;
				GCC_NO_COMMON_BLOCKS = YES;
				GCC_OPTIMIZATION_LEVEL = 0;
				GCC_PREPROCESSOR_DEFINITIONS = (
					"DEBUG=1",
					"$(inherited)",
				);
				GCC_WARN_64_TO_32_BIT_CONVERSION = YES;
				GCC_WARN_ABOUT_RETURN_TYPE = YES_ERROR;
				GCC_WARN_UNDECLARED_SELECTOR = YES;
				GCC_WARN_UNINITIALIZED_AUTOS = YES_AGGRESSIVE;
				GCC_WARN_UNUSED_FUNCTION = YES;
				GCC_WARN_UNUSED_VARIABLE = YES;
				IPHONEOS_DEPLOYMENT_TARGET = 13.7;
				MTL_ENABLE_DEBUG_INFO = INCLUDE_SOURCE;
				MTL_FAST_MATH = YES;
				ONLY_ACTIVE_ARCH = YES;
				SDKROOT = iphoneos;
				SWIFT_ACTIVE_COMPILATION_CONDITIONS = DEBUG;
				SWIFT_OPTIMIZATION_LEVEL = "-Onone";
			};
			name = Debug;
		};
		808ED8392504354E00A3FBB0 /* Release */ = {
			isa = XCBuildConfiguration;
			buildSettings = {
				ALWAYS_SEARCH_USER_PATHS = NO;
				CLANG_ANALYZER_NONNULL = YES;
				CLANG_ANALYZER_NUMBER_OBJECT_CONVERSION = YES_AGGRESSIVE;
				CLANG_CXX_LANGUAGE_STANDARD = "gnu++14";
				CLANG_CXX_LIBRARY = "libc++";
				CLANG_ENABLE_MODULES = YES;
				CLANG_ENABLE_OBJC_ARC = YES;
				CLANG_ENABLE_OBJC_WEAK = YES;
				CLANG_WARN_BLOCK_CAPTURE_AUTORELEASING = YES;
				CLANG_WARN_BOOL_CONVERSION = YES;
				CLANG_WARN_COMMA = YES;
				CLANG_WARN_CONSTANT_CONVERSION = YES;
				CLANG_WARN_DEPRECATED_OBJC_IMPLEMENTATIONS = YES;
				CLANG_WARN_DIRECT_OBJC_ISA_USAGE = YES_ERROR;
				CLANG_WARN_DOCUMENTATION_COMMENTS = YES;
				CLANG_WARN_EMPTY_BODY = YES;
				CLANG_WARN_ENUM_CONVERSION = YES;
				CLANG_WARN_INFINITE_RECURSION = YES;
				CLANG_WARN_INT_CONVERSION = YES;
				CLANG_WARN_NON_LITERAL_NULL_CONVERSION = YES;
				CLANG_WARN_OBJC_IMPLICIT_RETAIN_SELF = YES;
				CLANG_WARN_OBJC_LITERAL_CONVERSION = YES;
				CLANG_WARN_OBJC_ROOT_CLASS = YES_ERROR;
				CLANG_WARN_RANGE_LOOP_ANALYSIS = YES;
				CLANG_WARN_STRICT_PROTOTYPES = YES;
				CLANG_WARN_SUSPICIOUS_MOVE = YES;
				CLANG_WARN_UNGUARDED_AVAILABILITY = YES_AGGRESSIVE;
				CLANG_WARN_UNREACHABLE_CODE = YES;
				CLANG_WARN__DUPLICATE_METHOD_MATCH = YES;
				COPY_PHASE_STRIP = NO;
				DEBUG_INFORMATION_FORMAT = "dwarf-with-dsym";
				ENABLE_NS_ASSERTIONS = NO;
				ENABLE_STRICT_OBJC_MSGSEND = YES;
				GCC_C_LANGUAGE_STANDARD = gnu11;
				GCC_NO_COMMON_BLOCKS = YES;
				GCC_WARN_64_TO_32_BIT_CONVERSION = YES;
				GCC_WARN_ABOUT_RETURN_TYPE = YES_ERROR;
				GCC_WARN_UNDECLARED_SELECTOR = YES;
				GCC_WARN_UNINITIALIZED_AUTOS = YES_AGGRESSIVE;
				GCC_WARN_UNUSED_FUNCTION = YES;
				GCC_WARN_UNUSED_VARIABLE = YES;
				IPHONEOS_DEPLOYMENT_TARGET = 13.7;
				MTL_ENABLE_DEBUG_INFO = NO;
				MTL_FAST_MATH = YES;
				SDKROOT = iphoneos;
				SWIFT_COMPILATION_MODE = wholemodule;
				SWIFT_OPTIMIZATION_LEVEL = "-O";
				VALIDATE_PRODUCT = YES;
			};
			name = Release;
		};
		808ED83B2504354E00A3FBB0 /* Debug */ = {
			isa = XCBuildConfiguration;
			buildSettings = {
				ASSETCATALOG_COMPILER_APPICON_NAME = AppIcon;
				CODE_SIGN_STYLE = Automatic;
				INFOPLIST_FILE = Mixette/Info.plist;
				LD_RUNPATH_SEARCH_PATHS = (
					"$(inherited)",
					"@executable_path/Frameworks",
				);
				PRODUCT_BUNDLE_IDENTIFIER = com.Vigz.Mixette;
				PRODUCT_NAME = "$(TARGET_NAME)";
				SWIFT_VERSION = 5.0;
				TARGETED_DEVICE_FAMILY = "1,2";
			};
			name = Debug;
		};
		808ED83C2504354E00A3FBB0 /* Release */ = {
			isa = XCBuildConfiguration;
			buildSettings = {
				ASSETCATALOG_COMPILER_APPICON_NAME = AppIcon;
				CODE_SIGN_STYLE = Automatic;
				INFOPLIST_FILE = Mixette/Info.plist;
				LD_RUNPATH_SEARCH_PATHS = (
					"$(inherited)",
					"@executable_path/Frameworks",
				);
				PRODUCT_BUNDLE_IDENTIFIER = com.Vigz.Mixette;
				PRODUCT_NAME = "$(TARGET_NAME)";
				SWIFT_VERSION = 5.0;
				TARGETED_DEVICE_FAMILY = "1,2";
			};
			name = Release;
		};
/* End XCBuildConfiguration section */

/* Begin XCConfigurationList section */
		808ED81E2504354800A3FBB0 /* Build configuration list for PBXProject "Mixette" */ = {
			isa = XCConfigurationList;
			buildConfigurations = (
				808ED8382504354E00A3FBB0 /* Debug */,
				808ED8392504354E00A3FBB0 /* Release */,
			);
			defaultConfigurationIsVisible = 0;
			defaultConfigurationName = Release;
		};
		808ED83A2504354E00A3FBB0 /* Build configuration list for PBXNativeTarget "Mixette" */ = {
			isa = XCConfigurationList;
			buildConfigurations = (
				808ED83B2504354E00A3FBB0 /* Debug */,
				808ED83C2504354E00A3FBB0 /* Release */,
			);
			defaultConfigurationIsVisible = 0;
			defaultConfigurationName = Release;
		};
/* End XCConfigurationList section */

/* Begin XCVersionGroup section */
		808ED82F2504354800A3FBB0 /* Mixette.xcdatamodeld */ = {
			isa = XCVersionGroup;
			children = (
				808ED8302504354800A3FBB0 /* Mixette.xcdatamodel */,
			);
			currentVersion = 808ED8302504354800A3FBB0 /* Mixette.xcdatamodel */;
			path = Mixette.xcdatamodeld;
			sourceTree = "<group>";
			versionGroupType = wrapper.xcdatamodel;
		};
/* End XCVersionGroup section */
	};
	rootObject = 808ED81B2504354800A3FBB0 /* Project object */;
}
